# generated by rye
# use `rye lock` or `rye sync` to update this lockfile
#
# last locked with the following flags:
#   pre: false
#   features: []
#   all-features: false
#   with-sources: false

-e file:.
aniso8601==9.0.1
    # via graphene
asgiref==3.7.2
    # via django
django==5.0.2
    # via api
    # via graphene-django
graphene==3.3
    # via graphene-django
graphene-django==3.2.0
    # via api
graphql-core==3.2.3
    # via graphene
    # via graphene-django
    # via graphql-relay
graphql-relay==3.2.0
    # via graphene
    # via graphene-django
promise==2.3
    # via graphene-django
psycopg==3.1.18
    # via api
python-dotenv==1.0.1
    # via api
six==1.16.0
    # via promise
sqlparse==0.4.4
    # via django
text-unidecode==1.3
    # via graphene-django
typing-extensions==4.10.0
    # via psycopg
